create_labeled_train_images:
  cmd: python3 -m simulation.utils.machine_learning.data.extract_simulated_images
    --road ci_roads/random_road --seed kitcar1 kitcar2 --output_dir random_roads --image_topic
    /camera/image_raw --label_camera --control_sim_rate --label_image_topic /simulation/label_camera/image
    --label_topic /simulation/label_camera/image_labels --label_file random_roads/labels.yaml
    && fdupes -dN random_roads/ && fdupes -dN random_roads/debug
  deps:
  - path: ../../simulation/models/env_db/ci_roads/random_road.py
    md5: 67acd0a6fe3c2fd3404155bf02dda0db
  - path: ../../simulation/models/meshes
    md5: 497334a736344f90dee99455cf9eb708.dir
  outs:
  - path: random_roads
    md5: 4eb59e90479a3d12014ac4d5d63ea15c.dir
