create_simulated_images:
  cmd: bash ./simulated_images.sh kitcar 30 random_roads "--road ci_roads/random_road"
  deps:
  - path: ../../simulation/models/env_db/ci_roads/random_road.py
    md5: fbf15bc4b3a4ac19b79bfb35506bd837
    size: 4120
  - path: ../../simulation/models/meshes
    md5: 1e0f5cd8520ee4baae2311129d50f661.dir
    size: 40385385
    nfiles: 119
  - path: ./simulated_images.sh
    md5: a78046e7268306b2c44ac025b224249d
    size: 285
  outs:
  - path: random_roads
    md5: 95082622b0385b89349afd0ddc5970aa.dir
    size: 5313077332
    nfiles: 91010
create_test_images:
  cmd: bash ./simulated_images.sh kitcar 1 test_images "--randomize_path False --road
    default_road"
  deps:
  - path: ../../simulation/models/env_db/default_road.py
    md5: 616e878c2b50ec0ada599db89dbe3960
    size: 2055
  - path: ../../simulation/models/meshes
    md5: 1e0f5cd8520ee4baae2311129d50f661.dir
    size: 40385385
    nfiles: 119
  - path: ./simulated_images.sh
    md5: a78046e7268306b2c44ac025b224249d
    size: 285
  outs:
  - path: test_images
    md5: bfe32ea8f9e3f9b0e0df4f351e554e94.dir
    size: 29902408
    nfiles: 845
